<?xml version="1.0" encoding="utf-8"?>
<Project ToolsVersion="4.0" xmlns="http://schemas.microsoft.com/developer/msbuild/2003">
  <ItemGroup>
    <Filter Include="Source Files">
      <UniqueIdentifier>{4FC737F1-C7A5-4376-A066-2A32D752A2FF}</UniqueIdentifier>
      <Extensions>cpp;c;cc;cxx;c++;cppm;ixx;def;odl;idl;hpj;bat;asm;asmx</Extensions>
    </Filter>
    <Filter Include="Header Files">
      <UniqueIdentifier>{93995380-89BD-4b04-88EB-625FBE52EBFB}</UniqueIdentifier>
      <Extensions>h;hh;hpp;hxx;h++;hm;inl;inc;ipp;xsd</Extensions>
    </Filter>
    <Filter Include="Resource Files">
      <UniqueIdentifier>{67DA6AB6-F800-4c08-8B7A-83BB121AAD01}</UniqueIdentifier>
      <Extensions>rc;ico;cur;bmp;dlg;rc2;rct;bin;rgs;gif;jpg;jpeg;jpe;resx;tiff;tif;png;wav;mfcribbon-ms</Extensions>
    </Filter>
  </ItemGroup>
  <ItemGroup>
    <ClCompile Include="main.cpp">
      <Filter>Source Files</Filter>
    </ClCompile>
    <ClCompile Include="keyboardManager.cpp">
      <Filter>Source Files</Filter>
    </ClCompile>
    <ClCompile Include="utils.cpp">
      <Filter>Source Files</Filter>
    </ClCompile>
    <ClCompile Include="mouseManager.cpp">
      <Filter>Source Files</Filter>
    </ClCompile>
    <ClCompile Include="overlay.cpp">
      <Filter>Source Files</Filter>
    </ClCompile>
    <ClCompile Include="lib\tray\src\button.cpp">
      <Filter>Source Files</Filter>
    </ClCompile>
    <ClCompile Include="lib\tray\src\entry.cpp">
      <Filter>Source Files</Filter>
    </ClCompile>
    <ClCompile Include="lib\tray\src\icon.cpp">
      <Filter>Source Files</Filter>
    </ClCompile>
    <ClCompile Include="lib\tray\src\image.cpp">
      <Filter>Source Files</Filter>
    </ClCompile>
    <ClCompile Include="lib\tray\src\imagebutton.cpp">
      <Filter>Source Files</Filter>
    </ClCompile>
    <ClCompile Include="lib\tray\src\label.cpp">
      <Filter>Source Files</Filter>
    </ClCompile>
    <ClCompile Include="lib\tray\src\separator.cpp">
      <Filter>Source Files</Filter>
    </ClCompile>
    <ClCompile Include="lib\tray\src\submenu.cpp">
      <Filter>Source Files</Filter>
    </ClCompile>
    <ClCompile Include="lib\tray\src\syncedtoggle.cpp">
      <Filter>Source Files</Filter>
    </ClCompile>
    <ClCompile Include="lib\tray\src\toggle.cpp">
      <Filter>Source Files</Filter>
    </ClCompile>
    <ClCompile Include="lib\tray\src\tray.cpp">
      <Filter>Source Files</Filter>
    </ClCompile>
    <ClCompile Include="lib\tray\src\traybase.cpp">
      <Filter>Source Files</Filter>
    </ClCompile>
    <ClCompile Include="settings\config.cpp">
      <Filter>Source Files</Filter>
    </ClCompile>
    <ClCompile Include="pch.cpp">
      <Filter>Source Files</Filter>
    </ClCompile>
    <ClCompile Include="settings\dispatcher.cpp">
      <Filter>Source Files</Filter>
    </ClCompile>
    <ClCompile Include="helpers\dwm.cpp">
      <Filter>Source Files</Filter>
    </ClCompile>
    <ClCompile Include="helpers\mon.cpp">
      <Filter>Source Files</Filter>
    </ClCompile>
  </ItemGroup>
  <ItemGroup>
    <ClInclude Include="utils.hpp">
      <Filter>Header Files</Filter>
    </ClInclude>
    <ClInclude Include="lockfreequeue.hpp">
      <Filter>Header Files</Filter>
    </ClInclude>
    <ClInclude Include="keyboardManager.hpp">
      <Filter>Header Files</Filter>
    </ClInclude>
    <ClInclude Include="mouseManager.hpp">
      <Filter>Header Files</Filter>
    </ClInclude>
    <ClInclude Include="overlay.hpp">
      <Filter>Header Files</Filter>
    </ClInclude>
    <ClInclude Include="lib\tray\include\button.hpp">
      <Filter>Header Files</Filter>
    </ClInclude>
    <ClInclude Include="lib\tray\include\entry.hpp">
      <Filter>Header Files</Filter>
    </ClInclude>
    <ClInclude Include="lib\tray\include\icon.hpp">
      <Filter>Header Files</Filter>
    </ClInclude>
    <ClInclude Include="lib\tray\include\image.hpp">
      <Filter>Header Files</Filter>
    </ClInclude>
    <ClInclude Include="lib\tray\include\imagebutton.hpp">
      <Filter>Header Files</Filter>
    </ClInclude>
    <ClInclude Include="lib\tray\include\label.hpp">
      <Filter>Header Files</Filter>
    </ClInclude>
    <ClInclude Include="lib\tray\include\separator.hpp">
      <Filter>Header Files</Filter>
    </ClInclude>
    <ClInclude Include="lib\tray\include\submenu.hpp">
      <Filter>Header Files</Filter>
    </ClInclude>
    <ClInclude Include="lib\tray\include\syncedtoggle.hpp">
      <Filter>Header Files</Filter>
    </ClInclude>
    <ClInclude Include="lib\tray\include\toggle.hpp">
      <Filter>Header Files</Filter>
    </ClInclude>
    <ClInclude Include="lib\tray\include\tray.hpp">
      <Filter>Header Files</Filter>
    </ClInclude>
    <ClInclude Include="lib\tray\include\traybase.hpp">
      <Filter>Header Files</Filter>
    </ClInclude>
    <ClInclude Include="lib\tray\include\win_tray.hpp">
      <Filter>Header Files</Filter>
    </ClInclude>
    <ClInclude Include="settings\config.hpp">
      <Filter>Header Files</Filter>
    </ClInclude>
    <ClInclude Include="settings\dispatcher.hpp">
      <Filter>Header Files</Filter>
    </ClInclude>
    <ClInclude Include="audioDeviceManager.hpp">
      <Filter>Header Files</Filter>
    </ClInclude>
    <ClInclude Include="settings\parser.hpp">
      <Filter>Header Files</Filter>
    </ClInclude>
    <ClInclude Include="resource.h">
      <Filter>Header Files</Filter>
    </ClInclude>
    <ClInclude Include="pch.hpp">
      <Filter>Header Files</Filter>
    </ClInclude>
    <ClInclude Include="settings\action_types.hpp">
      <Filter>Header Files</Filter>
    </ClInclude>
    <ClInclude Include="settings\action_registry.hpp">
      <Filter>Header Files</Filter>
    </ClInclude>
    <ClInclude Include="helpers\dwm.hpp">
      <Filter>Header Files</Filter>
    </ClInclude>
    <ClInclude Include="helpers\mon.hpp">
      <Filter>Header Files</Filter>
    </ClInclude>
    <ClInclude Include="settings\action_vec.hpp">
      <Filter>Header Files</Filter>
    </ClInclude>
  </ItemGroup>
  <ItemGroup>
    <None Include="config.ini" />
    <None Include="hw.svg" />
    <None Include="resource.aps" />
    <None Include="README.md" />
  </ItemGroup>
  <ItemGroup>
    <Image Include="hw.ico">
      <Filter>Resource Files</Filter>
    </Image>
  </ItemGroup>
  <ItemGroup>
    <ResourceCompile Include="resource.rc">
      <Filter>Resource Files</Filter>
    </ResourceCompile>
  </ItemGroup>
</Project>